
Microsoft Visual Studio Solution File, Format Version 12.00
# Visual Studio Version 17
VisualStudioVersion = 17.2.32526.322
MinimumVisualStudioVersion = 10.0.40219.1
Project("{FAE04EC0-301F-11D3-BF4B-00C04F79EFBC}") = "ProductsAPI", "ProductsAPI.csproj", "{B81D832A-BB5A-4AAB-B091-4E3A9BD8666A}"
EndProject
Global
	GlobalSection(SolutionConfigurationPlatforms) = preSolution
		Debug|Any CPU = Debug|Any CPU
		Release|Any CPU = Release|Any CPU
	EndGlobalSection
	GlobalSection(ProjectConfigurationPlatforms) = postSolution
		{B81D832A-BB5A-4AAB-B091-4E3A9BD8666A}.Debug|Any CPU.ActiveCfg = Debug|Any CPU
		{B81D832A-BB5A-4AAB-B091-4E3A9BD8666A}.Debug|Any CPU.Build.0 = Debug|Any CPU
		{B81D832A-BB5A-4AAB-B091-4E3A9BD8666A}.Release|Any CPU.ActiveCfg = Release|Any CPU
		{B81D832A-BB5A-4AAB-B091-4E3A9BD8666A}.Release|Any CPU.Build.0 = Release|Any CPU
	EndGlobalSection
	GlobalSection(SolutionProperties) = preSolution
		HideSolutionNode = FALSE
	EndGlobalSection
	GlobalSection(ExtensibilityGlobals) = postSolution
		SolutionGuid = {BFB28503-421C-4AAB-9DDA-2E55E0A6D922}
	EndGlobalSection
EndGlobal
